// !$*UTF8*$!
{
	archiveVersion = 1;
	classes = {
	};
	objectVersion = 56;
	objects = {

/* Begin PBXBuildFile section */
		C679F10D2BB5E86800FB1380 /* FavoritesListStore.swift in Sources */ = {isa = PBXBuildFile; fileRef = C679F10C2BB5E86800FB1380 /* FavoritesListStore.swift */; };
		C6974ED12BC0732800090DF5 /* DogModel.swift in Sources */ = {isa = PBXBuildFile; fileRef = C6974ED02BC0732800090DF5 /* DogModel.swift */; };
		C6974ED32BC07B4200090DF5 /* BreedModel.swift in Sources */ = {isa = PBXBuildFile; fileRef = C6974ED22BC07B4200090DF5 /* BreedModel.swift */; };
		C6974ED52BC07BDF00090DF5 /* DogsResponse.swift in Sources */ = {isa = PBXBuildFile; fileRef = C6974ED42BC07BDF00090DF5 /* DogsResponse.swift */; };
		C6974ED72BC0815500090DF5 /* BreedViewModel.swift in Sources */ = {isa = PBXBuildFile; fileRef = C6974ED62BC0815500090DF5 /* BreedViewModel.swift */; };
		C6974ED92BC0845200090DF5 /* BreedsNetworkEntityMapper.swift in Sources */ = {isa = PBXBuildFile; fileRef = C6974ED82BC0845200090DF5 /* BreedsNetworkEntityMapper.swift */; };
		C6974EDB2BC0857600090DF5 /* BreedModelMapper.swift in Sources */ = {isa = PBXBuildFile; fileRef = C6974EDA2BC0857600090DF5 /* BreedModelMapper.swift */; };
		C6974EDD2BC08CB500090DF5 /* DogEntityMapper.swift in Sources */ = {isa = PBXBuildFile; fileRef = C6974EDC2BC08CB500090DF5 /* DogEntityMapper.swift */; };
		C6974EDF2BC09BF400090DF5 /* DogViewModel.swift in Sources */ = {isa = PBXBuildFile; fileRef = C6974EDE2BC09BF400090DF5 /* DogViewModel.swift */; };
		C6974EE12BC09C5700090DF5 /* DogModelMapper.swift in Sources */ = {isa = PBXBuildFile; fileRef = C6974EE02BC09C5700090DF5 /* DogModelMapper.swift */; };
		C6B0BE5E2BBCAC6B003E3266 /* BreedsState.swift in Sources */ = {isa = PBXBuildFile; fileRef = C6B0BE5D2BBCAC6B003E3266 /* BreedsState.swift */; };
		C6B0BE602BBCAC86003E3266 /* BreedsAction.swift in Sources */ = {isa = PBXBuildFile; fileRef = C6B0BE5F2BBCAC86003E3266 /* BreedsAction.swift */; };
		C6B0BE622BBCACB3003E3266 /* BreedsEnvironment.swift in Sources */ = {isa = PBXBuildFile; fileRef = C6B0BE612BBCACB3003E3266 /* BreedsEnvironment.swift */; };
		C6B0BE642BBCACD1003E3266 /* BreedsReducer.swift in Sources */ = {isa = PBXBuildFile; fileRef = C6B0BE632BBCACD1003E3266 /* BreedsReducer.swift */; };
		C6B0BE682BBCB0F5003E3266 /* View+Extension.swift in Sources */ = {isa = PBXBuildFile; fileRef = C6B0BE672BBCB0F5003E3266 /* View+Extension.swift */; };
		C6B0BE6A2BBCB127003E3266 /* BreedsRouterView.swift in Sources */ = {isa = PBXBuildFile; fileRef = C6B0BE692BBCB127003E3266 /* BreedsRouterView.swift */; };
		C6B0BE6D2BBCB2E9003E3266 /* DogView.swift in Sources */ = {isa = PBXBuildFile; fileRef = C6B0BE6C2BBCB2E9003E3266 /* DogView.swift */; };
		C6B0BE6F2BBCB310003E3266 /* DogsListState.swift in Sources */ = {isa = PBXBuildFile; fileRef = C6B0BE6E2BBCB310003E3266 /* DogsListState.swift */; };
		C6B0BE712BBCB31D003E3266 /* DogsListAction.swift in Sources */ = {isa = PBXBuildFile; fileRef = C6B0BE702BBCB31D003E3266 /* DogsListAction.swift */; };
		C6B0BE732BBCB32D003E3266 /* DogsListReducer.swift in Sources */ = {isa = PBXBuildFile; fileRef = C6B0BE722BBCB32D003E3266 /* DogsListReducer.swift */; };
		C6B0BE752BBCB33A003E3266 /* DogsListEnvironment.swift in Sources */ = {isa = PBXBuildFile; fileRef = C6B0BE742BBCB33A003E3266 /* DogsListEnvironment.swift */; };
		C6B0BE772BBCB4B5003E3266 /* FavoritesListState.swift in Sources */ = {isa = PBXBuildFile; fileRef = C6B0BE762BBCB4B5003E3266 /* FavoritesListState.swift */; };
		C6B0BE792BBCB4C0003E3266 /* FavoritesListAction.swift in Sources */ = {isa = PBXBuildFile; fileRef = C6B0BE782BBCB4C0003E3266 /* FavoritesListAction.swift */; };
		C6B0BE7B2BBCB4CD003E3266 /* FavoritesListReducer.swift in Sources */ = {isa = PBXBuildFile; fileRef = C6B0BE7A2BBCB4CD003E3266 /* FavoritesListReducer.swift */; };
		C6B0BE7D2BBCB4DA003E3266 /* FavoritesListEnvironment.swift in Sources */ = {isa = PBXBuildFile; fileRef = C6B0BE7C2BBCB4DA003E3266 /* FavoritesListEnvironment.swift */; };
		C6B0BE7F2BBCB59F003E3266 /* FavoritesRouterView.swift in Sources */ = {isa = PBXBuildFile; fileRef = C6B0BE7E2BBCB59F003E3266 /* FavoritesRouterView.swift */; };
		C6B0BE812BBCBAA7003E3266 /* BreedsRepoStub.swift in Sources */ = {isa = PBXBuildFile; fileRef = C6B0BE802BBCBAA7003E3266 /* BreedsRepoStub.swift */; };
		C6B0BE832BBCBB9D003E3266 /* BreedsRoterStub.swift in Sources */ = {isa = PBXBuildFile; fileRef = C6B0BE822BBCBB9D003E3266 /* BreedsRoterStub.swift */; };
		C6B0BE852BBCBEA1003E3266 /* DogsRepoStub.swift in Sources */ = {isa = PBXBuildFile; fileRef = C6B0BE842BBCBEA1003E3266 /* DogsRepoStub.swift */; };
		C6B0BE882BBCC076003E3266 /* DogsRouterStub.swift in Sources */ = {isa = PBXBuildFile; fileRef = C6B0BE872BBCC076003E3266 /* DogsRouterStub.swift */; };
		C6B0BE8A2BBCC104003E3266 /* FavoritesRouterStub.swift in Sources */ = {isa = PBXBuildFile; fileRef = C6B0BE892BBCC104003E3266 /* FavoritesRouterStub.swift */; };
		C6B0BE8C2BBCC133003E3266 /* FavoritesRepoStub.swift in Sources */ = {isa = PBXBuildFile; fileRef = C6B0BE8B2BBCC133003E3266 /* FavoritesRepoStub.swift */; };
		C6B551082BB9F2340059C53C /* BreedsRepo.swift in Sources */ = {isa = PBXBuildFile; fileRef = C6B551072BB9F2340059C53C /* BreedsRepo.swift */; };
		C6B5510A2BB9F3820059C53C /* DogsRepo.swift in Sources */ = {isa = PBXBuildFile; fileRef = C6B551092BB9F3820059C53C /* DogsRepo.swift */; };
		C6B5510C2BBA10170059C53C /* FavoritesRepo.swift in Sources */ = {isa = PBXBuildFile; fileRef = C6B5510B2BBA10170059C53C /* FavoritesRepo.swift */; };
		C6B5510F2BBB2D940059C53C /* DogsDatabaseService.swift in Sources */ = {isa = PBXBuildFile; fileRef = C6B5510E2BBB2D940059C53C /* DogsDatabaseService.swift */; };
		C6B551112BBB30630059C53C /* BreedsNetworkService.swift in Sources */ = {isa = PBXBuildFile; fileRef = C6B551102BBB30630059C53C /* BreedsNetworkService.swift */; };
		C6B551132BBB30C80059C53C /* DogsNetworkService.swift in Sources */ = {isa = PBXBuildFile; fileRef = C6B551122BBB30C80059C53C /* DogsNetworkService.swift */; };
		C6B551152BBB377E0059C53C /* BreedsNetworkEntity.swift in Sources */ = {isa = PBXBuildFile; fileRef = C6B551142BBB377E0059C53C /* BreedsNetworkEntity.swift */; };
		C6B551172BBB37880059C53C /* DogEntity.swift in Sources */ = {isa = PBXBuildFile; fileRef = C6B551162BBB37880059C53C /* DogEntity.swift */; };
		C6BAB16A2BB074BB00F158C6 /* DogsApp.swift in Sources */ = {isa = PBXBuildFile; fileRef = C6BAB1692BB074BB00F158C6 /* DogsApp.swift */; };
		C6BAB16C2BB074BB00F158C6 /* MainRouterView.swift in Sources */ = {isa = PBXBuildFile; fileRef = C6BAB16B2BB074BB00F158C6 /* MainRouterView.swift */; };
		C6BAB16E2BB074BC00F158C6 /* Assets.xcassets in Resources */ = {isa = PBXBuildFile; fileRef = C6BAB16D2BB074BC00F158C6 /* Assets.xcassets */; };
		C6BAB1712BB074BC00F158C6 /* Preview Assets.xcassets in Resources */ = {isa = PBXBuildFile; fileRef = C6BAB1702BB074BC00F158C6 /* Preview Assets.xcassets */; };
		C6BAB17B2BB0750B00F158C6 /* BreedsListView.swift in Sources */ = {isa = PBXBuildFile; fileRef = C6BAB17A2BB0750B00F158C6 /* BreedsListView.swift */; };
		C6BAB17E2BB0757000F158C6 /* FavoritesListView.swift in Sources */ = {isa = PBXBuildFile; fileRef = C6BAB17D2BB0757000F158C6 /* FavoritesListView.swift */; };
		C6BAB1822BB0867E00F158C6 /* BreedsRouter.swift in Sources */ = {isa = PBXBuildFile; fileRef = C6BAB1812BB0867E00F158C6 /* BreedsRouter.swift */; };
		C6BAB1852BB0881900F158C6 /* DogsListView.swift in Sources */ = {isa = PBXBuildFile; fileRef = C6BAB1842BB0881900F158C6 /* DogsListView.swift */; };
		C6BAB1872BB0A43800F158C6 /* DogsListStore.swift in Sources */ = {isa = PBXBuildFile; fileRef = C6BAB1862BB0A43800F158C6 /* DogsListStore.swift */; };
		C6BAB1892BB17D9D00F158C6 /* BreedsStore.swift in Sources */ = {isa = PBXBuildFile; fileRef = C6BAB1882BB17D9D00F158C6 /* BreedsStore.swift */; };
		C6EB33142BB71A6500EB74D0 /* DogDetailsView.swift in Sources */ = {isa = PBXBuildFile; fileRef = C6EB33132BB71A6500EB74D0 /* DogDetailsView.swift */; };
		C6EB33162BB71E8000EB74D0 /* FavoritesRouter.swift in Sources */ = {isa = PBXBuildFile; fileRef = C6EB33152BB71E8000EB74D0 /* FavoritesRouter.swift */; };
		C6EB33192BB7275C00EB74D0 /* FavoritesScreens.swift in Sources */ = {isa = PBXBuildFile; fileRef = C6EB33182BB7275C00EB74D0 /* FavoritesScreens.swift */; };
		C6EB331C2BB7279900EB74D0 /* BreedsScreens.swift in Sources */ = {isa = PBXBuildFile; fileRef = C6EB331B2BB7279900EB74D0 /* BreedsScreens.swift */; };
/* End PBXBuildFile section */

/* Begin PBXFileReference section */
		C679F10C2BB5E86800FB1380 /* FavoritesListStore.swift */ = {isa = PBXFileReference; lastKnownFileType = sourcecode.swift; path = FavoritesListStore.swift; sourceTree = "<group>"; };
		C6974ED02BC0732800090DF5 /* DogModel.swift */ = {isa = PBXFileReference; lastKnownFileType = sourcecode.swift; path = DogModel.swift; sourceTree = "<group>"; };
		C6974ED22BC07B4200090DF5 /* BreedModel.swift */ = {isa = PBXFileReference; lastKnownFileType = sourcecode.swift; path = BreedModel.swift; sourceTree = "<group>"; };
		C6974ED42BC07BDF00090DF5 /* DogsResponse.swift */ = {isa = PBXFileReference; lastKnownFileType = sourcecode.swift; path = DogsResponse.swift; sourceTree = "<group>"; };
		C6974ED62BC0815500090DF5 /* BreedViewModel.swift */ = {isa = PBXFileReference; lastKnownFileType = sourcecode.swift; path = BreedViewModel.swift; sourceTree = "<group>"; };
		C6974ED82BC0845200090DF5 /* BreedsNetworkEntityMapper.swift */ = {isa = PBXFileReference; lastKnownFileType = sourcecode.swift; path = BreedsNetworkEntityMapper.swift; sourceTree = "<group>"; };
		C6974EDA2BC0857600090DF5 /* BreedModelMapper.swift */ = {isa = PBXFileReference; lastKnownFileType = sourcecode.swift; path = BreedModelMapper.swift; sourceTree = "<group>"; };
		C6974EDC2BC08CB500090DF5 /* DogEntityMapper.swift */ = {isa = PBXFileReference; lastKnownFileType = sourcecode.swift; path = DogEntityMapper.swift; sourceTree = "<group>"; };
		C6974EDE2BC09BF400090DF5 /* DogViewModel.swift */ = {isa = PBXFileReference; lastKnownFileType = sourcecode.swift; path = DogViewModel.swift; sourceTree = "<group>"; };
		C6974EE02BC09C5700090DF5 /* DogModelMapper.swift */ = {isa = PBXFileReference; lastKnownFileType = sourcecode.swift; path = DogModelMapper.swift; sourceTree = "<group>"; };
		C6B0BE5D2BBCAC6B003E3266 /* BreedsState.swift */ = {isa = PBXFileReference; lastKnownFileType = sourcecode.swift; path = BreedsState.swift; sourceTree = "<group>"; };
		C6B0BE5F2BBCAC86003E3266 /* BreedsAction.swift */ = {isa = PBXFileReference; lastKnownFileType = sourcecode.swift; path = BreedsAction.swift; sourceTree = "<group>"; };
		C6B0BE612BBCACB3003E3266 /* BreedsEnvironment.swift */ = {isa = PBXFileReference; lastKnownFileType = sourcecode.swift; path = BreedsEnvironment.swift; sourceTree = "<group>"; };
		C6B0BE632BBCACD1003E3266 /* BreedsReducer.swift */ = {isa = PBXFileReference; lastKnownFileType = sourcecode.swift; path = BreedsReducer.swift; sourceTree = "<group>"; };
		C6B0BE672BBCB0F5003E3266 /* View+Extension.swift */ = {isa = PBXFileReference; lastKnownFileType = sourcecode.swift; path = "View+Extension.swift"; sourceTree = "<group>"; };
		C6B0BE692BBCB127003E3266 /* BreedsRouterView.swift */ = {isa = PBXFileReference; lastKnownFileType = sourcecode.swift; path = BreedsRouterView.swift; sourceTree = "<group>"; };
		C6B0BE6C2BBCB2E9003E3266 /* DogView.swift */ = {isa = PBXFileReference; lastKnownFileType = sourcecode.swift; path = DogView.swift; sourceTree = "<group>"; };
		C6B0BE6E2BBCB310003E3266 /* DogsListState.swift */ = {isa = PBXFileReference; lastKnownFileType = sourcecode.swift; path = DogsListState.swift; sourceTree = "<group>"; };
		C6B0BE702BBCB31D003E3266 /* DogsListAction.swift */ = {isa = PBXFileReference; lastKnownFileType = sourcecode.swift; path = DogsListAction.swift; sourceTree = "<group>"; };
		C6B0BE722BBCB32D003E3266 /* DogsListReducer.swift */ = {isa = PBXFileReference; lastKnownFileType = sourcecode.swift; path = DogsListReducer.swift; sourceTree = "<group>"; };
		C6B0BE742BBCB33A003E3266 /* DogsListEnvironment.swift */ = {isa = PBXFileReference; lastKnownFileType = sourcecode.swift; path = DogsListEnvironment.swift; sourceTree = "<group>"; };
		C6B0BE762BBCB4B5003E3266 /* FavoritesListState.swift */ = {isa = PBXFileReference; lastKnownFileType = sourcecode.swift; path = FavoritesListState.swift; sourceTree = "<group>"; };
		C6B0BE782BBCB4C0003E3266 /* FavoritesListAction.swift */ = {isa = PBXFileReference; lastKnownFileType = sourcecode.swift; path = FavoritesListAction.swift; sourceTree = "<group>"; };
		C6B0BE7A2BBCB4CD003E3266 /* FavoritesListReducer.swift */ = {isa = PBXFileReference; lastKnownFileType = sourcecode.swift; path = FavoritesListReducer.swift; sourceTree = "<group>"; };
		C6B0BE7C2BBCB4DA003E3266 /* FavoritesListEnvironment.swift */ = {isa = PBXFileReference; lastKnownFileType = sourcecode.swift; path = FavoritesListEnvironment.swift; sourceTree = "<group>"; };
		C6B0BE7E2BBCB59F003E3266 /* FavoritesRouterView.swift */ = {isa = PBXFileReference; lastKnownFileType = sourcecode.swift; path = FavoritesRouterView.swift; sourceTree = "<group>"; };
		C6B0BE802BBCBAA7003E3266 /* BreedsRepoStub.swift */ = {isa = PBXFileReference; lastKnownFileType = sourcecode.swift; path = BreedsRepoStub.swift; sourceTree = "<group>"; };
		C6B0BE822BBCBB9D003E3266 /* BreedsRoterStub.swift */ = {isa = PBXFileReference; lastKnownFileType = sourcecode.swift; path = BreedsRoterStub.swift; sourceTree = "<group>"; };
		C6B0BE842BBCBEA1003E3266 /* DogsRepoStub.swift */ = {isa = PBXFileReference; lastKnownFileType = sourcecode.swift; path = DogsRepoStub.swift; sourceTree = "<group>"; };
		C6B0BE872BBCC076003E3266 /* DogsRouterStub.swift */ = {isa = PBXFileReference; lastKnownFileType = sourcecode.swift; path = DogsRouterStub.swift; sourceTree = "<group>"; };
		C6B0BE892BBCC104003E3266 /* FavoritesRouterStub.swift */ = {isa = PBXFileReference; lastKnownFileType = sourcecode.swift; path = FavoritesRouterStub.swift; sourceTree = "<group>"; };
		C6B0BE8B2BBCC133003E3266 /* FavoritesRepoStub.swift */ = {isa = PBXFileReference; lastKnownFileType = sourcecode.swift; path = FavoritesRepoStub.swift; sourceTree = "<group>"; };
		C6B551072BB9F2340059C53C /* BreedsRepo.swift */ = {isa = PBXFileReference; lastKnownFileType = sourcecode.swift; path = BreedsRepo.swift; sourceTree = "<group>"; };
		C6B551092BB9F3820059C53C /* DogsRepo.swift */ = {isa = PBXFileReference; lastKnownFileType = sourcecode.swift; path = DogsRepo.swift; sourceTree = "<group>"; };
		C6B5510B2BBA10170059C53C /* FavoritesRepo.swift */ = {isa = PBXFileReference; lastKnownFileType = sourcecode.swift; path = FavoritesRepo.swift; sourceTree = "<group>"; };
		C6B5510E2BBB2D940059C53C /* DogsDatabaseService.swift */ = {isa = PBXFileReference; lastKnownFileType = sourcecode.swift; path = DogsDatabaseService.swift; sourceTree = "<group>"; };
		C6B551102BBB30630059C53C /* BreedsNetworkService.swift */ = {isa = PBXFileReference; lastKnownFileType = sourcecode.swift; path = BreedsNetworkService.swift; sourceTree = "<group>"; };
		C6B551122BBB30C80059C53C /* DogsNetworkService.swift */ = {isa = PBXFileReference; lastKnownFileType = sourcecode.swift; path = DogsNetworkService.swift; sourceTree = "<group>"; };
		C6B551142BBB377E0059C53C /* BreedsNetworkEntity.swift */ = {isa = PBXFileReference; lastKnownFileType = sourcecode.swift; path = BreedsNetworkEntity.swift; sourceTree = "<group>"; };
		C6B551162BBB37880059C53C /* DogEntity.swift */ = {isa = PBXFileReference; lastKnownFileType = sourcecode.swift; path = DogEntity.swift; sourceTree = "<group>"; };
		C6BAB1662BB074BB00F158C6 /* Dogs.app */ = {isa = PBXFileReference; explicitFileType = wrapper.application; includeInIndex = 0; path = Dogs.app; sourceTree = BUILT_PRODUCTS_DIR; };
		C6BAB1692BB074BB00F158C6 /* DogsApp.swift */ = {isa = PBXFileReference; lastKnownFileType = sourcecode.swift; path = DogsApp.swift; sourceTree = "<group>"; };
		C6BAB16B2BB074BB00F158C6 /* MainRouterView.swift */ = {isa = PBXFileReference; lastKnownFileType = sourcecode.swift; path = MainRouterView.swift; sourceTree = "<group>"; };
		C6BAB16D2BB074BC00F158C6 /* Assets.xcassets */ = {isa = PBXFileReference; lastKnownFileType = folder.assetcatalog; path = Assets.xcassets; sourceTree = "<group>"; };
		C6BAB1702BB074BC00F158C6 /* Preview Assets.xcassets */ = {isa = PBXFileReference; lastKnownFileType = folder.assetcatalog; path = "Preview Assets.xcassets"; sourceTree = "<group>"; };
		C6BAB17A2BB0750B00F158C6 /* BreedsListView.swift */ = {isa = PBXFileReference; lastKnownFileType = sourcecode.swift; path = BreedsListView.swift; sourceTree = "<group>"; };
		C6BAB17D2BB0757000F158C6 /* FavoritesListView.swift */ = {isa = PBXFileReference; lastKnownFileType = sourcecode.swift; path = FavoritesListView.swift; sourceTree = "<group>"; };
		C6BAB1812BB0867E00F158C6 /* BreedsRouter.swift */ = {isa = PBXFileReference; lastKnownFileType = sourcecode.swift; path = BreedsRouter.swift; sourceTree = "<group>"; };
		C6BAB1842BB0881900F158C6 /* DogsListView.swift */ = {isa = PBXFileReference; lastKnownFileType = sourcecode.swift; path = DogsListView.swift; sourceTree = "<group>"; };
		C6BAB1862BB0A43800F158C6 /* DogsListStore.swift */ = {isa = PBXFileReference; lastKnownFileType = sourcecode.swift; path = DogsListStore.swift; sourceTree = "<group>"; };
		C6BAB1882BB17D9D00F158C6 /* BreedsStore.swift */ = {isa = PBXFileReference; lastKnownFileType = sourcecode.swift; path = BreedsStore.swift; sourceTree = "<group>"; };
		C6EB33132BB71A6500EB74D0 /* DogDetailsView.swift */ = {isa = PBXFileReference; lastKnownFileType = sourcecode.swift; path = DogDetailsView.swift; sourceTree = "<group>"; };
		C6EB33152BB71E8000EB74D0 /* FavoritesRouter.swift */ = {isa = PBXFileReference; lastKnownFileType = sourcecode.swift; path = FavoritesRouter.swift; sourceTree = "<group>"; };
		C6EB33182BB7275C00EB74D0 /* FavoritesScreens.swift */ = {isa = PBXFileReference; lastKnownFileType = sourcecode.swift; path = FavoritesScreens.swift; sourceTree = "<group>"; };
		C6EB331B2BB7279900EB74D0 /* BreedsScreens.swift */ = {isa = PBXFileReference; lastKnownFileType = sourcecode.swift; path = BreedsScreens.swift; sourceTree = "<group>"; };
/* End PBXFileReference section */

/* Begin PBXFrameworksBuildPhase section */
		C6BAB1632BB074BB00F158C6 /* Frameworks */ = {
			isa = PBXFrameworksBuildPhase;
			buildActionMask = 2147483647;
			files = (
			);
			runOnlyForDeploymentPostprocessing = 0;
		};
/* End PBXFrameworksBuildPhase section */

/* Begin PBXGroup section */
		C6B0BE652BBCB0D7003E3266 /* Shared */ = {
			isa = PBXGroup;
			children = (
				C6B0BE6B2BBCB2DC003E3266 /* Views */,
				C6B0BE662BBCB0E1003E3266 /* Extensions */,
			);
			path = Shared;
			sourceTree = "<group>";
		};
		C6B0BE662BBCB0E1003E3266 /* Extensions */ = {
			isa = PBXGroup;
			children = (
				C6B0BE672BBCB0F5003E3266 /* View+Extension.swift */,
			);
			path = Extensions;
			sourceTree = "<group>";
		};
		C6B0BE6B2BBCB2DC003E3266 /* Views */ = {
			isa = PBXGroup;
			children = (
				C6B0BE6C2BBCB2E9003E3266 /* DogView.swift */,
			);
			path = Views;
			sourceTree = "<group>";
		};
		C6B0BE862BBCBFFA003E3266 /* Router */ = {
			isa = PBXGroup;
			children = (
				C6B0BE872BBCC076003E3266 /* DogsRouterStub.swift */,
			);
			path = Router;
			sourceTree = "<group>";
		};
		C6B551182BBB37EF0059C53C /* Presentation */ = {
			isa = PBXGroup;
			children = (
				C6BAB17A2BB0750B00F158C6 /* BreedsListView.swift */,
				C6BAB1882BB17D9D00F158C6 /* BreedsStore.swift */,
				C6974ED62BC0815500090DF5 /* BreedViewModel.swift */,
				C6974EDA2BC0857600090DF5 /* BreedModelMapper.swift */,
			);
			path = Presentation;
			sourceTree = "<group>";
		};
		C6B551192BBB37FA0059C53C /* Domain */ = {
			isa = PBXGroup;
			children = (
				C6B0BE5D2BBCAC6B003E3266 /* BreedsState.swift */,
				C6B0BE5F2BBCAC86003E3266 /* BreedsAction.swift */,
				C6B0BE632BBCACD1003E3266 /* BreedsReducer.swift */,
				C6B0BE612BBCACB3003E3266 /* BreedsEnvironment.swift */,
				C6974ED22BC07B4200090DF5 /* BreedModel.swift */,
			);
			path = Domain;
			sourceTree = "<group>";
		};
		C6B5511A2BBB38100059C53C /* Data */ = {
			isa = PBXGroup;
			children = (
				C6B551072BB9F2340059C53C /* BreedsRepo.swift */,
				C6B0BE802BBCBAA7003E3266 /* BreedsRepoStub.swift */,
				C6974ED82BC0845200090DF5 /* BreedsNetworkEntityMapper.swift */,
				C6B551222BBB3E0C0059C53C /* Service */,
			);
			path = Data;
			sourceTree = "<group>";
		};
		C6B5511B2BBB3C2D0059C53C /* Presentation */ = {
			isa = PBXGroup;
			children = (
				C6BAB1842BB0881900F158C6 /* DogsListView.swift */,
				C6B0BE6E2BBCB310003E3266 /* DogsListState.swift */,
				C6B0BE702BBCB31D003E3266 /* DogsListAction.swift */,
				C6974EDE2BC09BF400090DF5 /* DogViewModel.swift */,
				C6974EE02BC09C5700090DF5 /* DogModelMapper.swift */,
			);
			path = Presentation;
			sourceTree = "<group>";
		};
		C6B5511C2BBB3C3A0059C53C /* Domain */ = {
			isa = PBXGroup;
			children = (
				C6BAB1862BB0A43800F158C6 /* DogsListStore.swift */,
				C6B0BE722BBCB32D003E3266 /* DogsListReducer.swift */,
				C6B0BE742BBCB33A003E3266 /* DogsListEnvironment.swift */,
				C6974ED02BC0732800090DF5 /* DogModel.swift */,
			);
			path = Domain;
			sourceTree = "<group>";
		};
		C6B5511D2BBB3C400059C53C /* Data */ = {
			isa = PBXGroup;
			children = (
				C6B551092BB9F3820059C53C /* DogsRepo.swift */,
				C6B0BE842BBCBEA1003E3266 /* DogsRepoStub.swift */,
				C6974EDC2BC08CB500090DF5 /* DogEntityMapper.swift */,
				C6B551212BBB3DFB0059C53C /* Service */,
			);
			path = Data;
			sourceTree = "<group>";
		};
		C6B5511E2BBB3C660059C53C /* Presentation */ = {
			isa = PBXGroup;
			children = (
				C6BAB17D2BB0757000F158C6 /* FavoritesListView.swift */,
				C6B0BE762BBCB4B5003E3266 /* FavoritesListState.swift */,
				C6B0BE782BBCB4C0003E3266 /* FavoritesListAction.swift */,
			);
			path = Presentation;
			sourceTree = "<group>";
		};
		C6B5511F2BBB3C740059C53C /* Domain */ = {
			isa = PBXGroup;
			children = (
				C679F10C2BB5E86800FB1380 /* FavoritesListStore.swift */,
				C6B0BE7A2BBCB4CD003E3266 /* FavoritesListReducer.swift */,
				C6B0BE7C2BBCB4DA003E3266 /* FavoritesListEnvironment.swift */,
			);
			path = Domain;
			sourceTree = "<group>";
		};
		C6B551202BBB3C810059C53C /* Data */ = {
			isa = PBXGroup;
			children = (
				C6B5510B2BBA10170059C53C /* FavoritesRepo.swift */,
				C6B0BE8B2BBCC133003E3266 /* FavoritesRepoStub.swift */,
			);
			path = Data;
			sourceTree = "<group>";
		};
		C6B551212BBB3DFB0059C53C /* Service */ = {
			isa = PBXGroup;
			children = (
				C6B551122BBB30C80059C53C /* DogsNetworkService.swift */,
				C6B5510E2BBB2D940059C53C /* DogsDatabaseService.swift */,
				C6974ED42BC07BDF00090DF5 /* DogsResponse.swift */,
				C6B551162BBB37880059C53C /* DogEntity.swift */,
			);
			path = Service;
			sourceTree = "<group>";
		};
		C6B551222BBB3E0C0059C53C /* Service */ = {
			isa = PBXGroup;
			children = (
				C6B551102BBB30630059C53C /* BreedsNetworkService.swift */,
				C6B551142BBB377E0059C53C /* BreedsNetworkEntity.swift */,
			);
			path = Service;
			sourceTree = "<group>";
		};
		C6BAB15D2BB074BB00F158C6 = {
			isa = PBXGroup;
			children = (
				C6BAB1682BB074BB00F158C6 /* Dogs */,
				C6BAB1672BB074BB00F158C6 /* Products */,
			);
			sourceTree = "<group>";
		};
		C6BAB1672BB074BB00F158C6 /* Products */ = {
			isa = PBXGroup;
			children = (
				C6BAB1662BB074BB00F158C6 /* Dogs.app */,
			);
			name = Products;
			sourceTree = "<group>";
		};
		C6BAB1682BB074BB00F158C6 /* Dogs */ = {
			isa = PBXGroup;
			children = (
				C6BAB1692BB074BB00F158C6 /* DogsApp.swift */,
				C6BAB16B2BB074BB00F158C6 /* MainRouterView.swift */,
				C6BAB1772BB074CB00F158C6 /* BreedsList */,
				C6BAB1832BB087E200F158C6 /* DogsList */,
				C6BAB17C2BB0755D00F158C6 /* FavoritesList */,
				C6EB33122BB71A1D00EB74D0 /* DogDetails */,
				C6B0BE652BBCB0D7003E3266 /* Shared */,
				C6BAB16D2BB074BC00F158C6 /* Assets.xcassets */,
				C6BAB16F2BB074BC00F158C6 /* Preview Content */,
			);
			path = Dogs;
			sourceTree = "<group>";
		};
		C6BAB16F2BB074BC00F158C6 /* Preview Content */ = {
			isa = PBXGroup;
			children = (
				C6BAB1702BB074BC00F158C6 /* Preview Assets.xcassets */,
			);
			path = "Preview Content";
			sourceTree = "<group>";
		};
		C6BAB1772BB074CB00F158C6 /* BreedsList */ = {
			isa = PBXGroup;
			children = (
				C6B551182BBB37EF0059C53C /* Presentation */,
				C6B551192BBB37FA0059C53C /* Domain */,
				C6B5511A2BBB38100059C53C /* Data */,
				C6EB331A2BB7277D00EB74D0 /* Router */,
			);
			path = BreedsList;
			sourceTree = "<group>";
		};
		C6BAB17C2BB0755D00F158C6 /* FavoritesList */ = {
			isa = PBXGroup;
			children = (
				C6B5511E2BBB3C660059C53C /* Presentation */,
				C6B5511F2BBB3C740059C53C /* Domain */,
				C6B551202BBB3C810059C53C /* Data */,
				C6EB33172BB7273D00EB74D0 /* FavoritesRouter */,
			);
			path = FavoritesList;
			sourceTree = "<group>";
		};
		C6BAB1832BB087E200F158C6 /* DogsList */ = {
			isa = PBXGroup;
			children = (
				C6B5511B2BBB3C2D0059C53C /* Presentation */,
				C6B5511C2BBB3C3A0059C53C /* Domain */,
				C6B5511D2BBB3C400059C53C /* Data */,
				C6B0BE862BBCBFFA003E3266 /* Router */,
			);
			path = DogsList;
			sourceTree = "<group>";
		};
		C6EB33122BB71A1D00EB74D0 /* DogDetails */ = {
			isa = PBXGroup;
			children = (
				C6EB33132BB71A6500EB74D0 /* DogDetailsView.swift */,
			);
			path = DogDetails;
			sourceTree = "<group>";
		};
		C6EB33172BB7273D00EB74D0 /* FavoritesRouter */ = {
			isa = PBXGroup;
			children = (
				C6B0BE7E2BBCB59F003E3266 /* FavoritesRouterView.swift */,
				C6EB33152BB71E8000EB74D0 /* FavoritesRouter.swift */,
				C6EB33182BB7275C00EB74D0 /* FavoritesScreens.swift */,
				C6B0BE892BBCC104003E3266 /* FavoritesRouterStub.swift */,
			);
			path = FavoritesRouter;
			sourceTree = "<group>";
		};
		C6EB331A2BB7277D00EB74D0 /* Router */ = {
			isa = PBXGroup;
			children = (
				C6B0BE692BBCB127003E3266 /* BreedsRouterView.swift */,
				C6BAB1812BB0867E00F158C6 /* BreedsRouter.swift */,
				C6EB331B2BB7279900EB74D0 /* BreedsScreens.swift */,
				C6B0BE822BBCBB9D003E3266 /* BreedsRoterStub.swift */,
			);
			path = Router;
			sourceTree = "<group>";
		};
/* End PBXGroup section */

/* Begin PBXNativeTarget section */
		C6BAB1652BB074BB00F158C6 /* Dogs */ = {
			isa = PBXNativeTarget;
			buildConfigurationList = C6BAB1742BB074BC00F158C6 /* Build configuration list for PBXNativeTarget "Dogs" */;
			buildPhases = (
				C6BAB1622BB074BB00F158C6 /* Sources */,
				C6BAB1632BB074BB00F158C6 /* Frameworks */,
				C6BAB1642BB074BB00F158C6 /* Resources */,
			);
			buildRules = (
			);
			dependencies = (
			);
			name = Dogs;
			productName = Dogs;
			productReference = C6BAB1662BB074BB00F158C6 /* Dogs.app */;
			productType = "com.apple.product-type.application";
		};
/* End PBXNativeTarget section */

/* Begin PBXProject section */
		C6BAB15E2BB074BB00F158C6 /* Project object */ = {
			isa = PBXProject;
			attributes = {
				BuildIndependentTargetsInParallel = 1;
				LastSwiftUpdateCheck = 1500;
				LastUpgradeCheck = 1500;
				TargetAttributes = {
					C6BAB1652BB074BB00F158C6 = {
						CreatedOnToolsVersion = 15.0;
					};
				};
			};
			buildConfigurationList = C6BAB1612BB074BB00F158C6 /* Build configuration list for PBXProject "Dogs" */;
			compatibilityVersion = "Xcode 14.0";
			developmentRegion = en;
			hasScannedForEncodings = 0;
			knownRegions = (
				en,
				Base,
			);
			mainGroup = C6BAB15D2BB074BB00F158C6;
			productRefGroup = C6BAB1672BB074BB00F158C6 /* Products */;
			projectDirPath = "";
			projectRoot = "";
			targets = (
				C6BAB1652BB074BB00F158C6 /* Dogs */,
			);
		};
/* End PBXProject section */

/* Begin PBXResourcesBuildPhase section */
		C6BAB1642BB074BB00F158C6 /* Resources */ = {
			isa = PBXResourcesBuildPhase;
			buildActionMask = 2147483647;
			files = (
				C6BAB1712BB074BC00F158C6 /* Preview Assets.xcassets in Resources */,
				C6BAB16E2BB074BC00F158C6 /* Assets.xcassets in Resources */,
			);
			runOnlyForDeploymentPostprocessing = 0;
		};
/* End PBXResourcesBuildPhase section */

/* Begin PBXSourcesBuildPhase section */
		C6BAB1622BB074BB00F158C6 /* Sources */ = {
			isa = PBXSourcesBuildPhase;
			buildActionMask = 2147483647;
			files = (
				C6EB33162BB71E8000EB74D0 /* FavoritesRouter.swift in Sources */,
				C6B0BE602BBCAC86003E3266 /* BreedsAction.swift in Sources */,
				C6BAB17E2BB0757000F158C6 /* FavoritesListView.swift in Sources */,
				C6B551172BBB37880059C53C /* DogEntity.swift in Sources */,
				C6B0BE8A2BBCC104003E3266 /* FavoritesRouterStub.swift in Sources */,
				C6B0BE712BBCB31D003E3266 /* DogsListAction.swift in Sources */,
				C6B0BE6F2BBCB310003E3266 /* DogsListState.swift in Sources */,
				C6BAB1892BB17D9D00F158C6 /* BreedsStore.swift in Sources */,
				C6974ED12BC0732800090DF5 /* DogModel.swift in Sources */,
				C6EB33192BB7275C00EB74D0 /* FavoritesScreens.swift in Sources */,
				C6B0BE8C2BBCC133003E3266 /* FavoritesRepoStub.swift in Sources */,
				C6B551082BB9F2340059C53C /* BreedsRepo.swift in Sources */,
				C6B0BE792BBCB4C0003E3266 /* FavoritesListAction.swift in Sources */,
				C6B0BE6A2BBCB127003E3266 /* BreedsRouterView.swift in Sources */,
				C6BAB16C2BB074BB00F158C6 /* MainRouterView.swift in Sources */,
				C6B5510F2BBB2D940059C53C /* DogsDatabaseService.swift in Sources */,
				C6B0BE7D2BBCB4DA003E3266 /* FavoritesListEnvironment.swift in Sources */,
				C6B551152BBB377E0059C53C /* BreedsNetworkEntity.swift in Sources */,
				C6B0BE682BBCB0F5003E3266 /* View+Extension.swift in Sources */,
				C6B0BE832BBCBB9D003E3266 /* BreedsRoterStub.swift in Sources */,
				C6974EDD2BC08CB500090DF5 /* DogEntityMapper.swift in Sources */,
				C6974EDF2BC09BF400090DF5 /* DogViewModel.swift in Sources */,
				C6B0BE882BBCC076003E3266 /* DogsRouterStub.swift in Sources */,
				C6BAB1852BB0881900F158C6 /* DogsListView.swift in Sources */,
				C6B0BE7F2BBCB59F003E3266 /* FavoritesRouterView.swift in Sources */,
				C6B0BE812BBCBAA7003E3266 /* BreedsRepoStub.swift in Sources */,
				C6EB331C2BB7279900EB74D0 /* BreedsScreens.swift in Sources */,
				C6974EDB2BC0857600090DF5 /* BreedModelMapper.swift in Sources */,
				C6B0BE622BBCACB3003E3266 /* BreedsEnvironment.swift in Sources */,
				C6B5510C2BBA10170059C53C /* FavoritesRepo.swift in Sources */,
				C6974ED92BC0845200090DF5 /* BreedsNetworkEntityMapper.swift in Sources */,
				C6974EE12BC09C5700090DF5 /* DogModelMapper.swift in Sources */,
				C6B0BE752BBCB33A003E3266 /* DogsListEnvironment.swift in Sources */,
				C6B0BE5E2BBCAC6B003E3266 /* BreedsState.swift in Sources */,
				C6BAB17B2BB0750B00F158C6 /* BreedsListView.swift in Sources */,
				C679F10D2BB5E86800FB1380 /* FavoritesListStore.swift in Sources */,
				C6B0BE7B2BBCB4CD003E3266 /* FavoritesListReducer.swift in Sources */,
				C6BAB1872BB0A43800F158C6 /* DogsListStore.swift in Sources */,
				C6974ED52BC07BDF00090DF5 /* DogsResponse.swift in Sources */,
				C6B5510A2BB9F3820059C53C /* DogsRepo.swift in Sources */,
				C6B0BE852BBCBEA1003E3266 /* DogsRepoStub.swift in Sources */,
				C6B0BE6D2BBCB2E9003E3266 /* DogView.swift in Sources */,
				C6B0BE642BBCACD1003E3266 /* BreedsReducer.swift in Sources */,
				C6B551112BBB30630059C53C /* BreedsNetworkService.swift in Sources */,
				C6B0BE772BBCB4B5003E3266 /* FavoritesListState.swift in Sources */,
				C6974ED32BC07B4200090DF5 /* BreedModel.swift in Sources */,
				C6BAB16A2BB074BB00F158C6 /* DogsApp.swift in Sources */,
				C6974ED72BC0815500090DF5 /* BreedViewModel.swift in Sources */,
				C6EB33142BB71A6500EB74D0 /* DogDetailsView.swift in Sources */,
				C6B0BE732BBCB32D003E3266 /* DogsListReducer.swift in Sources */,
				C6BAB1822BB0867E00F158C6 /* BreedsRouter.swift in Sources */,
				C6B551132BBB30C80059C53C /* DogsNetworkService.swift in Sources */,
			);
			runOnlyForDeploymentPostprocessing = 0;
		};
/* End PBXSourcesBuildPhase section */

/* Begin XCBuildConfiguration section */
		C6BAB1722BB074BC00F158C6 /* Debug */ = {
			isa = XCBuildConfiguration;
			buildSettings = {
				ALWAYS_SEARCH_USER_PATHS = NO;
				ASSETCATALOG_COMPILER_GENERATE_SWIFT_ASSET_SYMBOL_EXTENSIONS = YES;
				CLANG_ANALYZER_NONNULL = YES;
				CLANG_ANALYZER_NUMBER_OBJECT_CONVERSION = YES_AGGRESSIVE;
				CLANG_CXX_LANGUAGE_STANDARD = "gnu++20";
				CLANG_ENABLE_MODULES = YES;
				CLANG_ENABLE_OBJC_ARC = YES;
				CLANG_ENABLE_OBJC_WEAK = YES;
				CLANG_WARN_BLOCK_CAPTURE_AUTORELEASING = YES;
				CLANG_WARN_BOOL_CONVERSION = YES;
				CLANG_WARN_COMMA = YES;
				CLANG_WARN_CONSTANT_CONVERSION = YES;
				CLANG_WARN_DEPRECATED_OBJC_IMPLEMENTATIONS = YES;
				CLANG_WARN_DIRECT_OBJC_ISA_USAGE = YES_ERROR;
				CLANG_WARN_DOCUMENTATION_COMMENTS = YES;
				CLANG_WARN_EMPTY_BODY = YES;
				CLANG_WARN_ENUM_CONVERSION = YES;
				CLANG_WARN_INFINITE_RECURSION = YES;
				CLANG_WARN_INT_CONVERSION = YES;
				CLANG_WARN_NON_LITERAL_NULL_CONVERSION = YES;
				CLANG_WARN_OBJC_IMPLICIT_RETAIN_SELF = YES;
				CLANG_WARN_OBJC_LITERAL_CONVERSION = YES;
				CLANG_WARN_OBJC_ROOT_CLASS = YES_ERROR;
				CLANG_WARN_QUOTED_INCLUDE_IN_FRAMEWORK_HEADER = YES;
				CLANG_WARN_RANGE_LOOP_ANALYSIS = YES;
				CLANG_WARN_STRICT_PROTOTYPES = YES;
				CLANG_WARN_SUSPICIOUS_MOVE = YES;
				CLANG_WARN_UNGUARDED_AVAILABILITY = YES_AGGRESSIVE;
				CLANG_WARN_UNREACHABLE_CODE = YES;
				CLANG_WARN__DUPLICATE_METHOD_MATCH = YES;
				COPY_PHASE_STRIP = NO;
				DEBUG_INFORMATION_FORMAT = dwarf;
				ENABLE_STRICT_OBJC_MSGSEND = YES;
				ENABLE_TESTABILITY = YES;
				ENABLE_USER_SCRIPT_SANDBOXING = YES;
				GCC_C_LANGUAGE_STANDARD = gnu17;
				GCC_DYNAMIC_NO_PIC = NO;
				GCC_NO_COMMON_BLOCKS = YES;
				GCC_OPTIMIZATION_LEVEL = 0;
				GCC_PREPROCESSOR_DEFINITIONS = (
					"DEBUG=1",
					"$(inherited)",
				);
				GCC_WARN_64_TO_32_BIT_CONVERSION = YES;
				GCC_WARN_ABOUT_RETURN_TYPE = YES_ERROR;
				GCC_WARN_UNDECLARED_SELECTOR = YES;
				GCC_WARN_UNINITIALIZED_AUTOS = YES_AGGRESSIVE;
				GCC_WARN_UNUSED_FUNCTION = YES;
				GCC_WARN_UNUSED_VARIABLE = YES;
				IPHONEOS_DEPLOYMENT_TARGET = 17.0;
				LOCALIZATION_PREFERS_STRING_CATALOGS = YES;
				MTL_ENABLE_DEBUG_INFO = INCLUDE_SOURCE;
				MTL_FAST_MATH = YES;
				ONLY_ACTIVE_ARCH = YES;
				SDKROOT = iphoneos;
				SWIFT_ACTIVE_COMPILATION_CONDITIONS = "DEBUG $(inherited)";
				SWIFT_OPTIMIZATION_LEVEL = "-Onone";
				SWIFT_STRICT_CONCURRENCY = complete;
			};
			name = Debug;
		};
		C6BAB1732BB074BC00F158C6 /* Release */ = {
			isa = XCBuildConfiguration;
			buildSettings = {
				ALWAYS_SEARCH_USER_PATHS = NO;
				ASSETCATALOG_COMPILER_GENERATE_SWIFT_ASSET_SYMBOL_EXTENSIONS = YES;
				CLANG_ANALYZER_NONNULL = YES;
				CLANG_ANALYZER_NUMBER_OBJECT_CONVERSION = YES_AGGRESSIVE;
				CLANG_CXX_LANGUAGE_STANDARD = "gnu++20";
				CLANG_ENABLE_MODULES = YES;
				CLANG_ENABLE_OBJC_ARC = YES;
				CLANG_ENABLE_OBJC_WEAK = YES;
				CLANG_WARN_BLOCK_CAPTURE_AUTORELEASING = YES;
				CLANG_WARN_BOOL_CONVERSION = YES;
				CLANG_WARN_COMMA = YES;
				CLANG_WARN_CONSTANT_CONVERSION = YES;
				CLANG_WARN_DEPRECATED_OBJC_IMPLEMENTATIONS = YES;
				CLANG_WARN_DIRECT_OBJC_ISA_USAGE = YES_ERROR;
				CLANG_WARN_DOCUMENTATION_COMMENTS = YES;
				CLANG_WARN_EMPTY_BODY = YES;
				CLANG_WARN_ENUM_CONVERSION = YES;
				CLANG_WARN_INFINITE_RECURSION = YES;
				CLANG_WARN_INT_CONVERSION = YES;
				CLANG_WARN_NON_LITERAL_NULL_CONVERSION = YES;
				CLANG_WARN_OBJC_IMPLICIT_RETAIN_SELF = YES;
				CLANG_WARN_OBJC_LITERAL_CONVERSION = YES;
				CLANG_WARN_OBJC_ROOT_CLASS = YES_ERROR;
				CLANG_WARN_QUOTED_INCLUDE_IN_FRAMEWORK_HEADER = YES;
				CLANG_WARN_RANGE_LOOP_ANALYSIS = YES;
				CLANG_WARN_STRICT_PROTOTYPES = YES;
				CLANG_WARN_SUSPICIOUS_MOVE = YES;
				CLANG_WARN_UNGUARDED_AVAILABILITY = YES_AGGRESSIVE;
				CLANG_WARN_UNREACHABLE_CODE = YES;
				CLANG_WARN__DUPLICATE_METHOD_MATCH = YES;
				COPY_PHASE_STRIP = NO;
				DEBUG_INFORMATION_FORMAT = "dwarf-with-dsym";
				ENABLE_NS_ASSERTIONS = NO;
				ENABLE_STRICT_OBJC_MSGSEND = YES;
				ENABLE_USER_SCRIPT_SANDBOXING = YES;
				GCC_C_LANGUAGE_STANDARD = gnu17;
				GCC_NO_COMMON_BLOCKS = YES;
				GCC_WARN_64_TO_32_BIT_CONVERSION = YES;
				GCC_WARN_ABOUT_RETURN_TYPE = YES_ERROR;
				GCC_WARN_UNDECLARED_SELECTOR = YES;
				GCC_WARN_UNINITIALIZED_AUTOS = YES_AGGRESSIVE;
				GCC_WARN_UNUSED_FUNCTION = YES;
				GCC_WARN_UNUSED_VARIABLE = YES;
				IPHONEOS_DEPLOYMENT_TARGET = 17.0;
				LOCALIZATION_PREFERS_STRING_CATALOGS = YES;
				MTL_ENABLE_DEBUG_INFO = NO;
				MTL_FAST_MATH = YES;
				SDKROOT = iphoneos;
				SWIFT_COMPILATION_MODE = wholemodule;
				SWIFT_STRICT_CONCURRENCY = complete;
				VALIDATE_PRODUCT = YES;
			};
			name = Release;
		};
		C6BAB1752BB074BC00F158C6 /* Debug */ = {
			isa = XCBuildConfiguration;
			buildSettings = {
				ASSETCATALOG_COMPILER_APPICON_NAME = AppIcon;
				ASSETCATALOG_COMPILER_GLOBAL_ACCENT_COLOR_NAME = AccentColor;
				CODE_SIGN_STYLE = Automatic;
				CURRENT_PROJECT_VERSION = 1;
				DEVELOPMENT_ASSET_PATHS = "\"Dogs/Preview Content\"";
				ENABLE_PREVIEWS = YES;
				GENERATE_INFOPLIST_FILE = YES;
				INFOPLIST_KEY_UIApplicationSceneManifest_Generation = YES;
				INFOPLIST_KEY_UIApplicationSupportsIndirectInputEvents = YES;
				INFOPLIST_KEY_UILaunchScreen_Generation = YES;
				INFOPLIST_KEY_UISupportedInterfaceOrientations_iPad = "UIInterfaceOrientationPortrait UIInterfaceOrientationPortraitUpsideDown UIInterfaceOrientationLandscapeLeft UIInterfaceOrientationLandscapeRight";
				INFOPLIST_KEY_UISupportedInterfaceOrientations_iPhone = "UIInterfaceOrientationPortrait UIInterfaceOrientationLandscapeLeft UIInterfaceOrientationLandscapeRight";
				LD_RUNPATH_SEARCH_PATHS = (
					"$(inherited)",
					"@executable_path/Frameworks",
				);
				MARKETING_VERSION = 1.0;
				PRODUCT_BUNDLE_IDENTIFIER = com.youssef.Dogs;
				PRODUCT_NAME = "$(TARGET_NAME)";
				SWIFT_EMIT_LOC_STRINGS = YES;
				SWIFT_VERSION = 5.0;
				TARGETED_DEVICE_FAMILY = "1,2";
			};
			name = Debug;
		};
		C6BAB1762BB074BC00F158C6 /* Release */ = {
			isa = XCBuildConfiguration;
			buildSettings = {
				ASSETCATALOG_COMPILER_APPICON_NAME = AppIcon;
				ASSETCATALOG_COMPILER_GLOBAL_ACCENT_COLOR_NAME = AccentColor;
				CODE_SIGN_STYLE = Automatic;
				CURRENT_PROJECT_VERSION = 1;
				DEVELOPMENT_ASSET_PATHS = "\"Dogs/Preview Content\"";
				ENABLE_PREVIEWS = YES;
				GENERATE_INFOPLIST_FILE = YES;
				INFOPLIST_KEY_UIApplicationSceneManifest_Generation = YES;
				INFOPLIST_KEY_UIApplicationSupportsIndirectInputEvents = YES;
				INFOPLIST_KEY_UILaunchScreen_Generation = YES;
				INFOPLIST_KEY_UISupportedInterfaceOrientations_iPad = "UIInterfaceOrientationPortrait UIInterfaceOrientationPortraitUpsideDown UIInterfaceOrientationLandscapeLeft UIInterfaceOrientationLandscapeRight";
				INFOPLIST_KEY_UISupportedInterfaceOrientations_iPhone = "UIInterfaceOrientationPortrait UIInterfaceOrientationLandscapeLeft UIInterfaceOrientationLandscapeRight";
				LD_RUNPATH_SEARCH_PATHS = (
					"$(inherited)",
					"@executable_path/Frameworks",
				);
				MARKETING_VERSION = 1.0;
				PRODUCT_BUNDLE_IDENTIFIER = com.youssef.Dogs;
				PRODUCT_NAME = "$(TARGET_NAME)";
				SWIFT_EMIT_LOC_STRINGS = YES;
				SWIFT_VERSION = 5.0;
				TARGETED_DEVICE_FAMILY = "1,2";
			};
			name = Release;
		};
/* End XCBuildConfiguration section */

/* Begin XCConfigurationList section */
		C6BAB1612BB074BB00F158C6 /* Build configuration list for PBXProject "Dogs" */ = {
			isa = XCConfigurationList;
			buildConfigurations = (
				C6BAB1722BB074BC00F158C6 /* Debug */,
				C6BAB1732BB074BC00F158C6 /* Release */,
			);
			defaultConfigurationIsVisible = 0;
			defaultConfigurationName = Release;
		};
		C6BAB1742BB074BC00F158C6 /* Build configuration list for PBXNativeTarget "Dogs" */ = {
			isa = XCConfigurationList;
			buildConfigurations = (
				C6BAB1752BB074BC00F158C6 /* Debug */,
				C6BAB1762BB074BC00F158C6 /* Release */,
			);
			defaultConfigurationIsVisible = 0;
			defaultConfigurationName = Release;
		};
/* End XCConfigurationList section */
	};
	rootObject = C6BAB15E2BB074BB00F158C6 /* Project object */;
}
